// !$*UTF8*$!
{
	archiveVersion = 1;
	classes = {
	};
	objectVersion = 77;
	objects = {

/* Begin PBXBuildFile section */
		694C620413E8F57997216A37 /* Pods_LiftAssistantTests.framework in Frameworks */ = {isa = PBXBuildFile; fileRef = BF5685CC0A2D0BDB57DC0FC3 /* Pods_LiftAssistantTests.framework */; };
		7B3129988BD44E1602A4F7E4 /* Pods_LiftAssistant_LiftAssistantUITests.framework in Frameworks */ = {isa = PBXBuildFile; fileRef = B19A6A5FCBC8E1F881BC3080 /* Pods_LiftAssistant_LiftAssistantUITests.framework */; };
		AF79F7E6D9E5675E0EB74AAC /* Pods_LiftAssistant.framework in Frameworks */ = {isa = PBXBuildFile; fileRef = 8F68B35CAC2EDCDC38ED619C /* Pods_LiftAssistant.framework */; };
/* End PBXBuildFile section */

/* Begin PBXContainerItemProxy section */
		6BCF061F2D6E881A00C1B7DF /* PBXContainerItemProxy */ = {
			isa = PBXContainerItemProxy;
			containerPortal = 6BCF06062D6E881300C1B7DF /* Project object */;
			proxyType = 1;
			remoteGlobalIDString = 6BCF060D2D6E881300C1B7DF;
			remoteInfo = LiftAssistant;
		};
		6BCF06292D6E881A00C1B7DF /* PBXContainerItemProxy */ = {
			isa = PBXContainerItemProxy;
			containerPortal = 6BCF06062D6E881300C1B7DF /* Project object */;
			proxyType = 1;
			remoteGlobalIDString = 6BCF060D2D6E881300C1B7DF;
			remoteInfo = LiftAssistant;
		};
/* End PBXContainerItemProxy section */

/* Begin PBXFileReference section */
		169205011CB875374184FEA8 /* Pods-LiftAssistantTests.debug.xcconfig */ = {isa = PBXFileReference; includeInIndex = 1; lastKnownFileType = text.xcconfig; name = "Pods-LiftAssistantTests.debug.xcconfig"; path = "Target Support Files/Pods-LiftAssistantTests/Pods-LiftAssistantTests.debug.xcconfig"; sourceTree = "<group>"; };
		3BCF7ED14BF1958364BD64CF /* Pods-LiftAssistant.release.xcconfig */ = {isa = PBXFileReference; includeInIndex = 1; lastKnownFileType = text.xcconfig; name = "Pods-LiftAssistant.release.xcconfig"; path = "Target Support Files/Pods-LiftAssistant/Pods-LiftAssistant.release.xcconfig"; sourceTree = "<group>"; };
		59EFC26CC5038598B8BF2E9F /* Pods-LiftAssistantTests.release.xcconfig */ = {isa = PBXFileReference; includeInIndex = 1; lastKnownFileType = text.xcconfig; name = "Pods-LiftAssistantTests.release.xcconfig"; path = "Target Support Files/Pods-LiftAssistantTests/Pods-LiftAssistantTests.release.xcconfig"; sourceTree = "<group>"; };
		6BCF060E2D6E881300C1B7DF /* LiftAssistant.app */ = {isa = PBXFileReference; explicitFileType = wrapper.application; includeInIndex = 0; path = LiftAssistant.app; sourceTree = BUILT_PRODUCTS_DIR; };
		6BCF061E2D6E881A00C1B7DF /* LiftAssistantTests.xctest */ = {isa = PBXFileReference; explicitFileType = wrapper.cfbundle; includeInIndex = 0; path = LiftAssistantTests.xctest; sourceTree = BUILT_PRODUCTS_DIR; };
		6BCF06282D6E881A00C1B7DF /* LiftAssistantUITests.xctest */ = {isa = PBXFileReference; explicitFileType = wrapper.cfbundle; includeInIndex = 0; path = LiftAssistantUITests.xctest; sourceTree = BUILT_PRODUCTS_DIR; };
		8F68B35CAC2EDCDC38ED619C /* Pods_LiftAssistant.framework */ = {isa = PBXFileReference; explicitFileType = wrapper.framework; includeInIndex = 0; path = Pods_LiftAssistant.framework; sourceTree = BUILT_PRODUCTS_DIR; };
		A7CB3745DF7AA1DF9AC2B8D5 /* Pods-LiftAssistant.debug.xcconfig */ = {isa = PBXFileReference; includeInIndex = 1; lastKnownFileType = text.xcconfig; name = "Pods-LiftAssistant.debug.xcconfig"; path = "Target Support Files/Pods-LiftAssistant/Pods-LiftAssistant.debug.xcconfig"; sourceTree = "<group>"; };
		B19A6A5FCBC8E1F881BC3080 /* Pods_LiftAssistant_LiftAssistantUITests.framework */ = {isa = PBXFileReference; explicitFileType = wrapper.framework; includeInIndex = 0; path = Pods_LiftAssistant_LiftAssistantUITests.framework; sourceTree = BUILT_PRODUCTS_DIR; };
		B43CA0850CD2BD3FA0512DE0 /* Pods-LiftAssistant-LiftAssistantUITests.debug.xcconfig */ = {isa = PBXFileReference; includeInIndex = 1; lastKnownFileType = text.xcconfig; name = "Pods-LiftAssistant-LiftAssistantUITests.debug.xcconfig"; path = "Target Support Files/Pods-LiftAssistant-LiftAssistantUITests/Pods-LiftAssistant-LiftAssistantUITests.debug.xcconfig"; sourceTree = "<group>"; };
		BF5685CC0A2D0BDB57DC0FC3 /* Pods_LiftAssistantTests.framework */ = {isa = PBXFileReference; explicitFileType = wrapper.framework; includeInIndex = 0; path = Pods_LiftAssistantTests.framework; sourceTree = BUILT_PRODUCTS_DIR; };
		C401B3D2C783E65F1DA8EB2D /* Pods-LiftAssistant-LiftAssistantUITests.release.xcconfig */ = {isa = PBXFileReference; includeInIndex = 1; lastKnownFileType = text.xcconfig; name = "Pods-LiftAssistant-LiftAssistantUITests.release.xcconfig"; path = "Target Support Files/Pods-LiftAssistant-LiftAssistantUITests/Pods-LiftAssistant-LiftAssistantUITests.release.xcconfig"; sourceTree = "<group>"; };
/* End PBXFileReference section */

/* Begin PBXFileSystemSynchronizedRootGroup section */
		6BCF06102D6E881300C1B7DF /* LiftAssistant */ = {
			isa = PBXFileSystemSynchronizedRootGroup;
			path = LiftAssistant;
			sourceTree = "<group>";
		};
		6BCF06212D6E881A00C1B7DF /* LiftAssistantTests */ = {
			isa = PBXFileSystemSynchronizedRootGroup;
			path = LiftAssistantTests;
			sourceTree = "<group>";
		};
		6BCF062B2D6E881A00C1B7DF /* LiftAssistantUITests */ = {
			isa = PBXFileSystemSynchronizedRootGroup;
			path = LiftAssistantUITests;
			sourceTree = "<group>";
		};
/* End PBXFileSystemSynchronizedRootGroup section */

/* Begin PBXFrameworksBuildPhase section */
		6BCF060B2D6E881300C1B7DF /* Frameworks */ = {
			isa = PBXFrameworksBuildPhase;
			buildActionMask = 2147483647;
			files = (
				AF79F7E6D9E5675E0EB74AAC /* Pods_LiftAssistant.framework in Frameworks */,
			);
			runOnlyForDeploymentPostprocessing = 0;
		};
		6BCF061B2D6E881A00C1B7DF /* Frameworks */ = {
			isa = PBXFrameworksBuildPhase;
			buildActionMask = 2147483647;
			files = (
				694C620413E8F57997216A37 /* Pods_LiftAssistantTests.framework in Frameworks */,
			);
			runOnlyForDeploymentPostprocessing = 0;
		};
		6BCF06252D6E881A00C1B7DF /* Frameworks */ = {
			isa = PBXFrameworksBuildPhase;
			buildActionMask = 2147483647;
			files = (
				7B3129988BD44E1602A4F7E4 /* Pods_LiftAssistant_LiftAssistantUITests.framework in Frameworks */,
			);
			runOnlyForDeploymentPostprocessing = 0;
		};
/* End PBXFrameworksBuildPhase section */

/* Begin PBXGroup section */
		1A4AA0F054D1A17419311A82 /* Frameworks */ = {
			isa = PBXGroup;
			children = (
				8F68B35CAC2EDCDC38ED619C /* Pods_LiftAssistant.framework */,
				B19A6A5FCBC8E1F881BC3080 /* Pods_LiftAssistant_LiftAssistantUITests.framework */,
				BF5685CC0A2D0BDB57DC0FC3 /* Pods_LiftAssistantTests.framework */,
			);
			name = Frameworks;
			sourceTree = "<group>";
		};
		5A4C3FEAE060B0489D4AC1C2 /* Pods */ = {
			isa = PBXGroup;
			children = (
				A7CB3745DF7AA1DF9AC2B8D5 /* Pods-LiftAssistant.debug.xcconfig */,
				3BCF7ED14BF1958364BD64CF /* Pods-LiftAssistant.release.xcconfig */,
				B43CA0850CD2BD3FA0512DE0 /* Pods-LiftAssistant-LiftAssistantUITests.debug.xcconfig */,
				C401B3D2C783E65F1DA8EB2D /* Pods-LiftAssistant-LiftAssistantUITests.release.xcconfig */,
				169205011CB875374184FEA8 /* Pods-LiftAssistantTests.debug.xcconfig */,
				59EFC26CC5038598B8BF2E9F /* Pods-LiftAssistantTests.release.xcconfig */,
			);
			path = Pods;
			sourceTree = "<group>";
		};
		6BCF06052D6E881300C1B7DF = {
			isa = PBXGroup;
			children = (
				6BCF06102D6E881300C1B7DF /* LiftAssistant */,
				6BCF06212D6E881A00C1B7DF /* LiftAssistantTests */,
				6BCF062B2D6E881A00C1B7DF /* LiftAssistantUITests */,
				6BCF060F2D6E881300C1B7DF /* Products */,
				5A4C3FEAE060B0489D4AC1C2 /* Pods */,
				1A4AA0F054D1A17419311A82 /* Frameworks */,
			);
			sourceTree = "<group>";
		};
		6BCF060F2D6E881300C1B7DF /* Products */ = {
			isa = PBXGroup;
			children = (
				6BCF060E2D6E881300C1B7DF /* LiftAssistant.app */,
				6BCF061E2D6E881A00C1B7DF /* LiftAssistantTests.xctest */,
				6BCF06282D6E881A00C1B7DF /* LiftAssistantUITests.xctest */,
			);
			name = Products;
			sourceTree = "<group>";
		};
/* End PBXGroup section */

/* Begin PBXNativeTarget section */
		6BCF060D2D6E881300C1B7DF /* LiftAssistant */ = {
			isa = PBXNativeTarget;
			buildConfigurationList = 6BCF06322D6E881A00C1B7DF /* Build configuration list for PBXNativeTarget "LiftAssistant" */;
			buildPhases = (
				DB45F578F0DFC2018C042805 /* [CP] Check Pods Manifest.lock */,
				6BCF060A2D6E881300C1B7DF /* Sources */,
				6BCF060B2D6E881300C1B7DF /* Frameworks */,
				6BCF060C2D6E881300C1B7DF /* Resources */,
				52C61DFDA6C492AB96309B94 /* [CP] Copy Pods Resources */,
			);
			buildRules = (
			);
			dependencies = (
			);
			fileSystemSynchronizedGroups = (
				6BCF06102D6E881300C1B7DF /* LiftAssistant */,
			);
			name = LiftAssistant;
			productName = LiftAssistant;
			productReference = 6BCF060E2D6E881300C1B7DF /* LiftAssistant.app */;
			productType = "com.apple.product-type.application";
		};
		6BCF061D2D6E881A00C1B7DF /* LiftAssistantTests */ = {
			isa = PBXNativeTarget;
			buildConfigurationList = 6BCF06352D6E881A00C1B7DF /* Build configuration list for PBXNativeTarget "LiftAssistantTests" */;
			buildPhases = (
				E896A0C37981C3D5557D3BBB /* [CP] Check Pods Manifest.lock */,
				6BCF061A2D6E881A00C1B7DF /* Sources */,
				6BCF061B2D6E881A00C1B7DF /* Frameworks */,
				6BCF061C2D6E881A00C1B7DF /* Resources */,
			);
			buildRules = (
			);
			dependencies = (
				6BCF06202D6E881A00C1B7DF /* PBXTargetDependency */,
			);
			fileSystemSynchronizedGroups = (
				6BCF06212D6E881A00C1B7DF /* LiftAssistantTests */,
			);
			name = LiftAssistantTests;
			productName = LiftAssistantTests;
			productReference = 6BCF061E2D6E881A00C1B7DF /* LiftAssistantTests.xctest */;
			productType = "com.apple.product-type.bundle.unit-test";
		};
		6BCF06272D6E881A00C1B7DF /* LiftAssistantUITests */ = {
			isa = PBXNativeTarget;
			buildConfigurationList = 6BCF06382D6E881A00C1B7DF /* Build configuration list for PBXNativeTarget "LiftAssistantUITests" */;
			buildPhases = (
				256EA9CC3DE7DA38E24E4A51 /* [CP] Check Pods Manifest.lock */,
				6BCF06242D6E881A00C1B7DF /* Sources */,
				6BCF06252D6E881A00C1B7DF /* Frameworks */,
				6BCF06262D6E881A00C1B7DF /* Resources */,
				F3E88508709766E37E0237B1 /* [CP] Copy Pods Resources */,
			);
			buildRules = (
			);
			dependencies = (
				6BCF062A2D6E881A00C1B7DF /* PBXTargetDependency */,
			);
			fileSystemSynchronizedGroups = (
				6BCF062B2D6E881A00C1B7DF /* LiftAssistantUITests */,
			);
			name = LiftAssistantUITests;
			productName = LiftAssistantUITests;
			productReference = 6BCF06282D6E881A00C1B7DF /* LiftAssistantUITests.xctest */;
			productType = "com.apple.product-type.bundle.ui-testing";
		};
/* End PBXNativeTarget section */

/* Begin PBXProject section */
		6BCF06062D6E881300C1B7DF /* Project object */ = {
			isa = PBXProject;
			attributes = {
				BuildIndependentTargetsInParallel = 1;
				LastSwiftUpdateCheck = 1620;
				LastUpgradeCheck = 1620;
				TargetAttributes = {
					6BCF060D2D6E881300C1B7DF = {
						CreatedOnToolsVersion = 16.2;
					};
					6BCF061D2D6E881A00C1B7DF = {
						CreatedOnToolsVersion = 16.2;
						TestTargetID = 6BCF060D2D6E881300C1B7DF;
					};
					6BCF06272D6E881A00C1B7DF = {
						CreatedOnToolsVersion = 16.2;
						TestTargetID = 6BCF060D2D6E881300C1B7DF;
					};
				};
			};
			buildConfigurationList = 6BCF06092D6E881300C1B7DF /* Build configuration list for PBXProject "LiftAssistant" */;
			developmentRegion = en;
			hasScannedForEncodings = 0;
			knownRegions = (
				en,
				Base,
			);
			mainGroup = 6BCF06052D6E881300C1B7DF;
			minimizedProjectReferenceProxies = 1;
			preferredProjectObjectVersion = 77;
			productRefGroup = 6BCF060F2D6E881300C1B7DF /* Products */;
			projectDirPath = "";
			projectRoot = "";
			targets = (
				6BCF060D2D6E881300C1B7DF /* LiftAssistant */,
				6BCF061D2D6E881A00C1B7DF /* LiftAssistantTests */,
				6BCF06272D6E881A00C1B7DF /* LiftAssistantUITests */,
			);
		};
/* End PBXProject section */

/* Begin PBXResourcesBuildPhase section */
		6BCF060C2D6E881300C1B7DF /* Resources */ = {
			isa = PBXResourcesBuildPhase;
			buildActionMask = 2147483647;
			files = (
			);
			runOnlyForDeploymentPostprocessing = 0;
		};
		6BCF061C2D6E881A00C1B7DF /* Resources */ = {
			isa = PBXResourcesBuildPhase;
			buildActionMask = 2147483647;
			files = (
			);
			runOnlyForDeploymentPostprocessing = 0;
		};
		6BCF06262D6E881A00C1B7DF /* Resources */ = {
			isa = PBXResourcesBuildPhase;
			buildActionMask = 2147483647;
			files = (
			);
			runOnlyForDeploymentPostprocessing = 0;
		};
/* End PBXResourcesBuildPhase section */

/* Begin PBXShellScriptBuildPhase section */
		256EA9CC3DE7DA38E24E4A51 /* [CP] Check Pods Manifest.lock */ = {
			isa = PBXShellScriptBuildPhase;
			buildActionMask = 2147483647;
			files = (
			);
			inputFileListPaths = (
			);
			inputPaths = (
				"${PODS_PODFILE_DIR_PATH}/Podfile.lock",
				"${PODS_ROOT}/Manifest.lock",
			);
			name = "[CP] Check Pods Manifest.lock";
			outputFileListPaths = (
			);
			outputPaths = (
				"$(DERIVED_FILE_DIR)/Pods-LiftAssistant-LiftAssistantUITests-checkManifestLockResult.txt",
			);
			runOnlyForDeploymentPostprocessing = 0;
			shellPath = /bin/sh;
			shellScript = "diff \"${PODS_PODFILE_DIR_PATH}/Podfile.lock\" \"${PODS_ROOT}/Manifest.lock\" > /dev/null\nif [ $? != 0 ] ; then\n    # print error to STDERR\n    echo \"error: The sandbox is not in sync with the Podfile.lock. Run 'pod install' or update your CocoaPods installation.\" >&2\n    exit 1\nfi\n# This output is used by Xcode 'outputs' to avoid re-running this script phase.\necho \"SUCCESS\" > \"${SCRIPT_OUTPUT_FILE_0}\"\n";
			showEnvVarsInLog = 0;
		};
		52C61DFDA6C492AB96309B94 /* [CP] Copy Pods Resources */ = {
			isa = PBXShellScriptBuildPhase;
			buildActionMask = 2147483647;
			files = (
			);
			inputFileListPaths = (
				"${PODS_ROOT}/Target Support Files/Pods-LiftAssistant/Pods-LiftAssistant-resources-${CONFIGURATION}-input-files.xcfilelist",
			);
			name = "[CP] Copy Pods Resources";
			outputFileListPaths = (
				"${PODS_ROOT}/Target Support Files/Pods-LiftAssistant/Pods-LiftAssistant-resources-${CONFIGURATION}-output-files.xcfilelist",
			);
			runOnlyForDeploymentPostprocessing = 0;
			shellPath = /bin/sh;
			shellScript = "\"${PODS_ROOT}/Target Support Files/Pods-LiftAssistant/Pods-LiftAssistant-resources.sh\"\n";
			showEnvVarsInLog = 0;
		};
		DB45F578F0DFC2018C042805 /* [CP] Check Pods Manifest.lock */ = {
			isa = PBXShellScriptBuildPhase;
			buildActionMask = 2147483647;
			files = (
			);
			inputFileListPaths = (
			);
			inputPaths = (
				"${PODS_PODFILE_DIR_PATH}/Podfile.lock",
				"${PODS_ROOT}/Manifest.lock",
			);
			name = "[CP] Check Pods Manifest.lock";
			outputFileListPaths = (
			);
			outputPaths = (
				"$(DERIVED_FILE_DIR)/Pods-LiftAssistant-checkManifestLockResult.txt",
			);
			runOnlyForDeploymentPostprocessing = 0;
			shellPath = /bin/sh;
			shellScript = "diff \"${PODS_PODFILE_DIR_PATH}/Podfile.lock\" \"${PODS_ROOT}/Manifest.lock\" > /dev/null\nif [ $? != 0 ] ; then\n    # print error to STDERR\n    echo \"error: The sandbox is not in sync with the Podfile.lock. Run 'pod install' or update your CocoaPods installation.\" >&2\n    exit 1\nfi\n# This output is used by Xcode 'outputs' to avoid re-running this script phase.\necho \"SUCCESS\" > \"${SCRIPT_OUTPUT_FILE_0}\"\n";
			showEnvVarsInLog = 0;
		};
		E896A0C37981C3D5557D3BBB /* [CP] Check Pods Manifest.lock */ = {
			isa = PBXShellScriptBuildPhase;
			buildActionMask = 2147483647;
			files = (
			);
			inputFileListPaths = (
			);
			inputPaths = (
				"${PODS_PODFILE_DIR_PATH}/Podfile.lock",
				"${PODS_ROOT}/Manifest.lock",
			);
			name = "[CP] Check Pods Manifest.lock";
			outputFileListPaths = (
			);
			outputPaths = (
				"$(DERIVED_FILE_DIR)/Pods-LiftAssistantTests-checkManifestLockResult.txt",
			);
			runOnlyForDeploymentPostprocessing = 0;
			shellPath = /bin/sh;
			shellScript = "diff \"${PODS_PODFILE_DIR_PATH}/Podfile.lock\" \"${PODS_ROOT}/Manifest.lock\" > /dev/null\nif [ $? != 0 ] ; then\n    # print error to STDERR\n    echo \"error: The sandbox is not in sync with the Podfile.lock. Run 'pod install' or update your CocoaPods installation.\" >&2\n    exit 1\nfi\n# This output is used by Xcode 'outputs' to avoid re-running this script phase.\necho \"SUCCESS\" > \"${SCRIPT_OUTPUT_FILE_0}\"\n";
			showEnvVarsInLog = 0;
		};
		F3E88508709766E37E0237B1 /* [CP] Copy Pods Resources */ = {
			isa = PBXShellScriptBuildPhase;
			buildActionMask = 2147483647;
			files = (
			);
			inputFileListPaths = (
				"${PODS_ROOT}/Target Support Files/Pods-LiftAssistant-LiftAssistantUITests/Pods-LiftAssistant-LiftAssistantUITests-resources-${CONFIGURATION}-input-files.xcfilelist",
			);
			name = "[CP] Copy Pods Resources";
			outputFileListPaths = (
				"${PODS_ROOT}/Target Support Files/Pods-LiftAssistant-LiftAssistantUITests/Pods-LiftAssistant-LiftAssistantUITests-resources-${CONFIGURATION}-output-files.xcfilelist",
			);
			runOnlyForDeploymentPostprocessing = 0;
			shellPath = /bin/sh;
			shellScript = "\"${PODS_ROOT}/Target Support Files/Pods-LiftAssistant-LiftAssistantUITests/Pods-LiftAssistant-LiftAssistantUITests-resources.sh\"\n";
			showEnvVarsInLog = 0;
		};
/* End PBXShellScriptBuildPhase section */

/* Begin PBXSourcesBuildPhase section */
		6BCF060A2D6E881300C1B7DF /* Sources */ = {
			isa = PBXSourcesBuildPhase;
			buildActionMask = 2147483647;
			files = (
			);
			runOnlyForDeploymentPostprocessing = 0;
		};
		6BCF061A2D6E881A00C1B7DF /* Sources */ = {
			isa = PBXSourcesBuildPhase;
			buildActionMask = 2147483647;
			files = (
			);
			runOnlyForDeploymentPostprocessing = 0;
		};
		6BCF06242D6E881A00C1B7DF /* Sources */ = {
			isa = PBXSourcesBuildPhase;
			buildActionMask = 2147483647;
			files = (
			);
			runOnlyForDeploymentPostprocessing = 0;
		};
/* End PBXSourcesBuildPhase section */

/* Begin PBXTargetDependency section */
		6BCF06202D6E881A00C1B7DF /* PBXTargetDependency */ = {
			isa = PBXTargetDependency;
			target = 6BCF060D2D6E881300C1B7DF /* LiftAssistant */;
			targetProxy = 6BCF061F2D6E881A00C1B7DF /* PBXContainerItemProxy */;
		};
		6BCF062A2D6E881A00C1B7DF /* PBXTargetDependency */ = {
			isa = PBXTargetDependency;
			target = 6BCF060D2D6E881300C1B7DF /* LiftAssistant */;
			targetProxy = 6BCF06292D6E881A00C1B7DF /* PBXContainerItemProxy */;
		};
/* End PBXTargetDependency section */

/* Begin XCBuildConfiguration section */
		6BCF06302D6E881A00C1B7DF /* Debug */ = {
			isa = XCBuildConfiguration;
			buildSettings = {
				ALWAYS_SEARCH_USER_PATHS = NO;
				ASSETCATALOG_COMPILER_GENERATE_SWIFT_ASSET_SYMBOL_EXTENSIONS = YES;
				CLANG_ANALYZER_NONNULL = YES;
				CLANG_ANALYZER_NUMBER_OBJECT_CONVERSION = YES_AGGRESSIVE;
				CLANG_CXX_LANGUAGE_STANDARD = "gnu++20";
				CLANG_ENABLE_MODULES = YES;
				CLANG_ENABLE_OBJC_ARC = YES;
				CLANG_ENABLE_OBJC_WEAK = YES;
				CLANG_WARN_BLOCK_CAPTURE_AUTORELEASING = YES;
				CLANG_WARN_BOOL_CONVERSION = YES;
				CLANG_WARN_COMMA = YES;
				CLANG_WARN_CONSTANT_CONVERSION = YES;
				CLANG_WARN_DEPRECATED_OBJC_IMPLEMENTATIONS = YES;
				CLANG_WARN_DIRECT_OBJC_ISA_USAGE = YES_ERROR;
				CLANG_WARN_DOCUMENTATION_COMMENTS = YES;
				CLANG_WARN_EMPTY_BODY = YES;
				CLANG_WARN_ENUM_CONVERSION = YES;
				CLANG_WARN_INFINITE_RECURSION = YES;
				CLANG_WARN_INT_CONVERSION = YES;
				CLANG_WARN_NON_LITERAL_NULL_CONVERSION = YES;
				CLANG_WARN_OBJC_IMPLICIT_RETAIN_SELF = YES;
				CLANG_WARN_OBJC_LITERAL_CONVERSION = YES;
				CLANG_WARN_OBJC_ROOT_CLASS = YES_ERROR;
				CLANG_WARN_QUOTED_INCLUDE_IN_FRAMEWORK_HEADER = YES;
				CLANG_WARN_RANGE_LOOP_ANALYSIS = YES;
				CLANG_WARN_STRICT_PROTOTYPES = YES;
				CLANG_WARN_SUSPICIOUS_MOVE = YES;
				CLANG_WARN_UNGUARDED_AVAILABILITY = YES_AGGRESSIVE;
				CLANG_WARN_UNREACHABLE_CODE = YES;
				CLANG_WARN__DUPLICATE_METHOD_MATCH = YES;
				COPY_PHASE_STRIP = NO;
				DEBUG_INFORMATION_FORMAT = dwarf;
				ENABLE_STRICT_OBJC_MSGSEND = YES;
				ENABLE_TESTABILITY = YES;
				ENABLE_USER_SCRIPT_SANDBOXING = YES;
				GCC_C_LANGUAGE_STANDARD = gnu17;
				GCC_DYNAMIC_NO_PIC = NO;
				GCC_NO_COMMON_BLOCKS = YES;
				GCC_OPTIMIZATION_LEVEL = 0;
				GCC_PREPROCESSOR_DEFINITIONS = (
					"DEBUG=1",
					"$(inherited)",
				);
				GCC_WARN_64_TO_32_BIT_CONVERSION = YES;
				GCC_WARN_ABOUT_RETURN_TYPE = YES_ERROR;
				GCC_WARN_UNDECLARED_SELECTOR = YES;
				GCC_WARN_UNINITIALIZED_AUTOS = YES_AGGRESSIVE;
				GCC_WARN_UNUSED_FUNCTION = YES;
				GCC_WARN_UNUSED_VARIABLE = YES;
				IPHONEOS_DEPLOYMENT_TARGET = 18.2;
				LOCALIZATION_PREFERS_STRING_CATALOGS = YES;
				MTL_ENABLE_DEBUG_INFO = INCLUDE_SOURCE;
				MTL_FAST_MATH = YES;
				ONLY_ACTIVE_ARCH = YES;
				SDKROOT = iphoneos;
				SWIFT_ACTIVE_COMPILATION_CONDITIONS = "DEBUG $(inherited)";
				SWIFT_OPTIMIZATION_LEVEL = "-Onone";
			};
			name = Debug;
		};
		6BCF06312D6E881A00C1B7DF /* Release */ = {
			isa = XCBuildConfiguration;
			buildSettings = {
				ALWAYS_SEARCH_USER_PATHS = NO;
				ASSETCATALOG_COMPILER_GENERATE_SWIFT_ASSET_SYMBOL_EXTENSIONS = YES;
				CLANG_ANALYZER_NONNULL = YES;
				CLANG_ANALYZER_NUMBER_OBJECT_CONVERSION = YES_AGGRESSIVE;
				CLANG_CXX_LANGUAGE_STANDARD = "gnu++20";
				CLANG_ENABLE_MODULES = YES;
				CLANG_ENABLE_OBJC_ARC = YES;
				CLANG_ENABLE_OBJC_WEAK = YES;
				CLANG_WARN_BLOCK_CAPTURE_AUTORELEASING = YES;
				CLANG_WARN_BOOL_CONVERSION = YES;
				CLANG_WARN_COMMA = YES;
				CLANG_WARN_CONSTANT_CONVERSION = YES;
				CLANG_WARN_DEPRECATED_OBJC_IMPLEMENTATIONS = YES;
				CLANG_WARN_DIRECT_OBJC_ISA_USAGE = YES_ERROR;
				CLANG_WARN_DOCUMENTATION_COMMENTS = YES;
				CLANG_WARN_EMPTY_BODY = YES;
				CLANG_WARN_ENUM_CONVERSION = YES;
				CLANG_WARN_INFINITE_RECURSION = YES;
				CLANG_WARN_INT_CONVERSION = YES;
				CLANG_WARN_NON_LITERAL_NULL_CONVERSION = YES;
				CLANG_WARN_OBJC_IMPLICIT_RETAIN_SELF = YES;
				CLANG_WARN_OBJC_LITERAL_CONVERSION = YES;
				CLANG_WARN_OBJC_ROOT_CLASS = YES_ERROR;
				CLANG_WARN_QUOTED_INCLUDE_IN_FRAMEWORK_HEADER = YES;
				CLANG_WARN_RANGE_LOOP_ANALYSIS = YES;
				CLANG_WARN_STRICT_PROTOTYPES = YES;
				CLANG_WARN_SUSPICIOUS_MOVE = YES;
				CLANG_WARN_UNGUARDED_AVAILABILITY = YES_AGGRESSIVE;
				CLANG_WARN_UNREACHABLE_CODE = YES;
				CLANG_WARN__DUPLICATE_METHOD_MATCH = YES;
				COPY_PHASE_STRIP = NO;
				DEBUG_INFORMATION_FORMAT = "dwarf-with-dsym";
				ENABLE_NS_ASSERTIONS = NO;
				ENABLE_STRICT_OBJC_MSGSEND = YES;
				ENABLE_USER_SCRIPT_SANDBOXING = YES;
				GCC_C_LANGUAGE_STANDARD = gnu17;
				GCC_NO_COMMON_BLOCKS = YES;
				GCC_WARN_64_TO_32_BIT_CONVERSION = YES;
				GCC_WARN_ABOUT_RETURN_TYPE = YES_ERROR;
				GCC_WARN_UNDECLARED_SELECTOR = YES;
				GCC_WARN_UNINITIALIZED_AUTOS = YES_AGGRESSIVE;
				GCC_WARN_UNUSED_FUNCTION = YES;
				GCC_WARN_UNUSED_VARIABLE = YES;
				IPHONEOS_DEPLOYMENT_TARGET = 18.2;
				LOCALIZATION_PREFERS_STRING_CATALOGS = YES;
				MTL_ENABLE_DEBUG_INFO = NO;
				MTL_FAST_MATH = YES;
				SDKROOT = iphoneos;
				SWIFT_COMPILATION_MODE = wholemodule;
				VALIDATE_PRODUCT = YES;
			};
			name = Release;
		};
		6BCF06332D6E881A00C1B7DF /* Debug */ = {
			isa = XCBuildConfiguration;
			baseConfigurationReference = A7CB3745DF7AA1DF9AC2B8D5 /* Pods-LiftAssistant.debug.xcconfig */;
			buildSettings = {
				ASSETCATALOG_COMPILER_APPICON_NAME = AppIcon;
				ASSETCATALOG_COMPILER_GLOBAL_ACCENT_COLOR_NAME = AccentColor;
				CODE_SIGN_STYLE = Automatic;
				CURRENT_PROJECT_VERSION = 1;
				DEVELOPMENT_ASSET_PATHS = "\"LiftAssistant/Preview Content\"";
				DEVELOPMENT_TEAM = HXLYL8MUJ2;
				ENABLE_PREVIEWS = YES;
				GENERATE_INFOPLIST_FILE = YES;
				INFOPLIST_KEY_NSCameraUsageDescription = "We need to access your camera for pose detection.";
				INFOPLIST_KEY_UIApplicationSceneManifest_Generation = YES;
				INFOPLIST_KEY_UIApplicationSupportsIndirectInputEvents = YES;
				INFOPLIST_KEY_UILaunchScreen_Generation = YES;
				INFOPLIST_KEY_UISupportedInterfaceOrientations_iPad = "UIInterfaceOrientationPortrait UIInterfaceOrientationPortraitUpsideDown UIInterfaceOrientationLandscapeLeft UIInterfaceOrientationLandscapeRight";
				INFOPLIST_KEY_UISupportedInterfaceOrientations_iPhone = "UIInterfaceOrientationPortrait UIInterfaceOrientationLandscapeLeft UIInterfaceOrientationLandscapeRight";
				LD_RUNPATH_SEARCH_PATHS = (
					"$(inherited)",
					"@executable_path/Frameworks",
				);
				MARKETING_VERSION = 1.0;
				PRODUCT_BUNDLE_IDENTIFIER = sameer.LiftAssistant;
				PRODUCT_NAME = "$(TARGET_NAME)";
				SWIFT_EMIT_LOC_STRINGS = YES;
				SWIFT_VERSION = 5.0;
				TARGETED_DEVICE_FAMILY = "1,2";
			};
			name = Debug;
		};
		6BCF06342D6E881A00C1B7DF /* Release */ = {
			isa = XCBuildConfiguration;
			baseConfigurationReference = 3BCF7ED14BF1958364BD64CF /* Pods-LiftAssistant.release.xcconfig */;
			buildSettings = {
				ASSETCATALOG_COMPILER_APPICON_NAME = AppIcon;
				ASSETCATALOG_COMPILER_GLOBAL_ACCENT_COLOR_NAME = AccentColor;
				CODE_SIGN_STYLE = Automatic;
				CURRENT_PROJECT_VERSION = 1;
				DEVELOPMENT_ASSET_PATHS = "\"LiftAssistant/Preview Content\"";
				DEVELOPMENT_TEAM = HXLYL8MUJ2;
				ENABLE_PREVIEWS = YES;
				GENERATE_INFOPLIST_FILE = YES;
				INFOPLIST_KEY_NSCameraUsageDescription = "We need to access your camera for pose detection.";
				INFOPLIST_KEY_UIApplicationSceneManifest_Generation = YES;
				INFOPLIST_KEY_UIApplicationSupportsIndirectInputEvents = YES;
				INFOPLIST_KEY_UILaunchScreen_Generation = YES;
				INFOPLIST_KEY_UISupportedInterfaceOrientations_iPad = "UIInterfaceOrientationPortrait UIInterfaceOrientationPortraitUpsideDown UIInterfaceOrientationLandscapeLeft UIInterfaceOrientationLandscapeRight";
				INFOPLIST_KEY_UISupportedInterfaceOrientations_iPhone = "UIInterfaceOrientationPortrait UIInterfaceOrientationLandscapeLeft UIInterfaceOrientationLandscapeRight";
				LD_RUNPATH_SEARCH_PATHS = (
					"$(inherited)",
					"@executable_path/Frameworks",
				);
				MARKETING_VERSION = 1.0;
				PRODUCT_BUNDLE_IDENTIFIER = sameer.LiftAssistant;
				PRODUCT_NAME = "$(TARGET_NAME)";
				SWIFT_EMIT_LOC_STRINGS = YES;
				SWIFT_VERSION = 5.0;
				TARGETED_DEVICE_FAMILY = "1,2";
			};
			name = Release;
		};
		6BCF06362D6E881A00C1B7DF /* Debug */ = {
			isa = XCBuildConfiguration;
			baseConfigurationReference = 169205011CB875374184FEA8 /* Pods-LiftAssistantTests.debug.xcconfig */;
			buildSettings = {
				BUNDLE_LOADER = "$(TEST_HOST)";
				CODE_SIGN_STYLE = Automatic;
				CURRENT_PROJECT_VERSION = 1;
				DEVELOPMENT_TEAM = HXLYL8MUJ2;
				GENERATE_INFOPLIST_FILE = YES;
				IPHONEOS_DEPLOYMENT_TARGET = 18.2;
				MARKETING_VERSION = 1.0;
				PRODUCT_BUNDLE_IDENTIFIER = sameer.LiftAssistantTests;
				PRODUCT_NAME = "$(TARGET_NAME)";
				SWIFT_EMIT_LOC_STRINGS = NO;
				SWIFT_VERSION = 5.0;
				TARGETED_DEVICE_FAMILY = "1,2";
				TEST_HOST = "$(BUILT_PRODUCTS_DIR)/LiftAssistant.app/$(BUNDLE_EXECUTABLE_FOLDER_PATH)/LiftAssistant";
			};
			name = Debug;
		};
		6BCF06372D6E881A00C1B7DF /* Release */ = {
			isa = XCBuildConfiguration;
			baseConfigurationReference = 59EFC26CC5038598B8BF2E9F /* Pods-LiftAssistantTests.release.xcconfig */;
			buildSettings = {
				BUNDLE_LOADER = "$(TEST_HOST)";
				CODE_SIGN_STYLE = Automatic;
				CURRENT_PROJECT_VERSION = 1;
				DEVELOPMENT_TEAM = HXLYL8MUJ2;
				GENERATE_INFOPLIST_FILE = YES;
				IPHONEOS_DEPLOYMENT_TARGET = 18.2;
				MARKETING_VERSION = 1.0;
				PRODUCT_BUNDLE_IDENTIFIER = sameer.LiftAssistantTests;
				PRODUCT_NAME = "$(TARGET_NAME)";
				SWIFT_EMIT_LOC_STRINGS = NO;
				SWIFT_VERSION = 5.0;
				TARGETED_DEVICE_FAMILY = "1,2";
				TEST_HOST = "$(BUILT_PRODUCTS_DIR)/LiftAssistant.app/$(BUNDLE_EXECUTABLE_FOLDER_PATH)/LiftAssistant";
			};
			name = Release;
		};
		6BCF06392D6E881A00C1B7DF /* Debug */ = {
			isa = XCBuildConfiguration;
			baseConfigurationReference = B43CA0850CD2BD3FA0512DE0 /* Pods-LiftAssistant-LiftAssistantUITests.debug.xcconfig */;
			buildSettings = {
				CODE_SIGN_STYLE = Automatic;
				CURRENT_PROJECT_VERSION = 1;
				DEVELOPMENT_TEAM = HXLYL8MUJ2;
				GENERATE_INFOPLIST_FILE = YES;
				MARKETING_VERSION = 1.0;
				PRODUCT_BUNDLE_IDENTIFIER = sameer.LiftAssistantUITests;
				PRODUCT_NAME = "$(TARGET_NAME)";
				SWIFT_EMIT_LOC_STRINGS = NO;
				SWIFT_VERSION = 5.0;
				TARGETED_DEVICE_FAMILY = "1,2";
				TEST_TARGET_NAME = LiftAssistant;
			};
			name = Debug;
		};
		6BCF063A2D6E881A00C1B7DF /* Release */ = {
			isa = XCBuildConfiguration;
			baseConfigurationReference = C401B3D2C783E65F1DA8EB2D /* Pods-LiftAssistant-LiftAssistantUITests.release.xcconfig */;
			buildSettings = {
				CODE_SIGN_STYLE = Automatic;
				CURRENT_PROJECT_VERSION = 1;
				DEVELOPMENT_TEAM = HXLYL8MUJ2;
				GENERATE_INFOPLIST_FILE = YES;
				MARKETING_VERSION = 1.0;
				PRODUCT_BUNDLE_IDENTIFIER = sameer.LiftAssistantUITests;
				PRODUCT_NAME = "$(TARGET_NAME)";
				SWIFT_EMIT_LOC_STRINGS = NO;
				SWIFT_VERSION = 5.0;
				TARGETED_DEVICE_FAMILY = "1,2";
				TEST_TARGET_NAME = LiftAssistant;
			};
			name = Release;
		};
/* End XCBuildConfiguration section */

/* Begin XCConfigurationList section */
		6BCF06092D6E881300C1B7DF /* Build configuration list for PBXProject "LiftAssistant" */ = {
			isa = XCConfigurationList;
			buildConfigurations = (
				6BCF06302D6E881A00C1B7DF /* Debug */,
				6BCF06312D6E881A00C1B7DF /* Release */,
			);
			defaultConfigurationIsVisible = 0;
			defaultConfigurationName = Release;
		};
		6BCF06322D6E881A00C1B7DF /* Build configuration list for PBXNativeTarget "LiftAssistant" */ = {
			isa = XCConfigurationList;
			buildConfigurations = (
				6BCF06332D6E881A00C1B7DF /* Debug */,
				6BCF06342D6E881A00C1B7DF /* Release */,
			);
			defaultConfigurationIsVisible = 0;
			defaultConfigurationName = Release;
		};
		6BCF06352D6E881A00C1B7DF /* Build configuration list for PBXNativeTarget "LiftAssistantTests" */ = {
			isa = XCConfigurationList;
			buildConfigurations = (
				6BCF06362D6E881A00C1B7DF /* Debug */,
				6BCF06372D6E881A00C1B7DF /* Release */,
			);
			defaultConfigurationIsVisible = 0;
			defaultConfigurationName = Release;
		};
		6BCF06382D6E881A00C1B7DF /* Build configuration list for PBXNativeTarget "LiftAssistantUITests" */ = {
			isa = XCConfigurationList;
			buildConfigurations = (
				6BCF06392D6E881A00C1B7DF /* Debug */,
				6BCF063A2D6E881A00C1B7DF /* Release */,
			);
			defaultConfigurationIsVisible = 0;
			defaultConfigurationName = Release;
		};
/* End XCConfigurationList section */
	};
	rootObject = 6BCF06062D6E881300C1B7DF /* Project object */;
}
